
Microsoft Visual Studio Solution File, Format Version 12.00
# Visual Studio Version 17
VisualStudioVersion = 17.14.36811.4 d17.14
MinimumVisualStudioVersion = 10.0.40219.1
Project("{FAE04EC0-301F-11D3-BF4B-00C04F79EFBC}") = "exercice21", "exercice21\exercice21.csproj", "{956BF96E-ADFE-47C1-BDDA-2AE2F4C03EC4}"
EndProject
Global
	GlobalSection(SolutionConfigurationPlatforms) = preSolution
		Debug|Any CPU = Debug|Any CPU
		Release|Any CPU = Release|Any CPU
	EndGlobalSection
	GlobalSection(ProjectConfigurationPlatforms) = postSolution
		{956BF96E-ADFE-47C1-BDDA-2AE2F4C03EC4}.Debug|Any CPU.ActiveCfg = Debug|Any CPU
		{956BF96E-ADFE-47C1-BDDA-2AE2F4C03EC4}.Debug|Any CPU.Build.0 = Debug|Any CPU
		{956BF96E-ADFE-47C1-BDDA-2AE2F4C03EC4}.Release|Any CPU.ActiveCfg = Release|Any CPU
		{956BF96E-ADFE-47C1-BDDA-2AE2F4C03EC4}.Release|Any CPU.Build.0 = Release|Any CPU
	EndGlobalSection
	GlobalSection(SolutionProperties) = preSolution
		HideSolutionNode = FALSE
	EndGlobalSection
	GlobalSection(ExtensibilityGlobals) = postSolution
		SolutionGuid = {59DFCEC0-A3B2-4472-A12C-2D1465A47EDB}
	EndGlobalSection
EndGlobal
