
Microsoft Visual Studio Solution File, Format Version 12.00
# Visual Studio Version 17
VisualStudioVersion = 17.14.36811.4 d17.14
MinimumVisualStudioVersion = 10.0.40219.1
Project("{FAE04EC0-301F-11D3-BF4B-00C04F79EFBC}") = "heritage", "heritage\heritage.csproj", "{0EA91CB1-0D9A-47DB-8D19-9ED3091761A8}"
EndProject
Global
	GlobalSection(SolutionConfigurationPlatforms) = preSolution
		Debug|Any CPU = Debug|Any CPU
		Release|Any CPU = Release|Any CPU
	EndGlobalSection
	GlobalSection(ProjectConfigurationPlatforms) = postSolution
		{0EA91CB1-0D9A-47DB-8D19-9ED3091761A8}.Debug|Any CPU.ActiveCfg = Debug|Any CPU
		{0EA91CB1-0D9A-47DB-8D19-9ED3091761A8}.Debug|Any CPU.Build.0 = Debug|Any CPU
		{0EA91CB1-0D9A-47DB-8D19-9ED3091761A8}.Release|Any CPU.ActiveCfg = Release|Any CPU
		{0EA91CB1-0D9A-47DB-8D19-9ED3091761A8}.Release|Any CPU.Build.0 = Release|Any CPU
	EndGlobalSection
	GlobalSection(SolutionProperties) = preSolution
		HideSolutionNode = FALSE
	EndGlobalSection
	GlobalSection(ExtensibilityGlobals) = postSolution
		SolutionGuid = {0A8B896F-A1DA-4BA4-96F8-6DFA01D1F7A4}
	EndGlobalSection
EndGlobal
